
Microsoft Visual Studio Solution File, Format Version 12.00
# Visual Studio 15
VisualStudioVersion = 15.0.28307.136
MinimumVisualStudioVersion = 10.0.40219.1
Project("{FAE04EC0-301F-11D3-BF4B-00C04F79EFBC}") = "MatrixRefactoring", "MatrixRefactoring\MatrixRefactoring.csproj", "{4C0A3460-FEE4-401B-8AF9-859FC80C7613}"
EndProject
Global
	GlobalSection(SolutionConfigurationPlatforms) = preSolution
		Debug|Any CPU = Debug|Any CPU
		Release|Any CPU = Release|Any CPU
	EndGlobalSection
	GlobalSection(ProjectConfigurationPlatforms) = postSolution
		{4C0A3460-FEE4-401B-8AF9-859FC80C7613}.Debug|Any CPU.ActiveCfg = Debug|Any CPU
		{4C0A3460-FEE4-401B-8AF9-859FC80C7613}.Debug|Any CPU.Build.0 = Debug|Any CPU
		{4C0A3460-FEE4-401B-8AF9-859FC80C7613}.Release|Any CPU.ActiveCfg = Release|Any CPU
		{4C0A3460-FEE4-401B-8AF9-859FC80C7613}.Release|Any CPU.Build.0 = Release|Any CPU
	EndGlobalSection
	GlobalSection(SolutionProperties) = preSolution
		HideSolutionNode = FALSE
	EndGlobalSection
	GlobalSection(ExtensibilityGlobals) = postSolution
		SolutionGuid = {9B93760B-250C-473B-9F74-831C90827D54}
	EndGlobalSection
EndGlobal
